// !$*UTF8*$!
{
	archiveVersion = 1;
	classes = {
	};
	objectVersion = 46;
	objects = {

/* Begin PBXBuildFile section */
		9338C47C18CCB17400AE3FEA /* Cocoa.framework in Frameworks */ = {isa = PBXBuildFile; fileRef = 9338C47B18CCB17400AE3FEA /* Cocoa.framework */; };
		9338C48618CCB17400AE3FEA /* InfoPlist.strings in Resources */ = {isa = PBXBuildFile; fileRef = 9338C48418CCB17400AE3FEA /* InfoPlist.strings */; };
		9338C48818CCB17400AE3FEA /* main.m in Sources */ = {isa = PBXBuildFile; fileRef = 9338C48718CCB17400AE3FEA /* main.m */; };
		9338C48C18CCB17400AE3FEA /* Credits.rtf in Resources */ = {isa = PBXBuildFile; fileRef = 9338C48A18CCB17400AE3FEA /* Credits.rtf */; };
		9338C48F18CCB17400AE3FEA /* AppDelegate.m in Sources */ = {isa = PBXBuildFile; fileRef = 9338C48E18CCB17400AE3FEA /* AppDelegate.m */; };
		9338C49218CCB17400AE3FEA /* MainMenu.xib in Resources */ = {isa = PBXBuildFile; fileRef = 9338C49018CCB17400AE3FEA /* MainMenu.xib */; };
		9338C49418CCB17400AE3FEA /* Images.xcassets in Resources */ = {isa = PBXBuildFile; fileRef = 9338C49318CCB17400AE3FEA /* Images.xcassets */; };
		9338C49B18CCB17400AE3FEA /* XCTest.framework in Frameworks */ = {isa = PBXBuildFile; fileRef = 9338C49A18CCB17400AE3FEA /* XCTest.framework */; };
		9338C49C18CCB17400AE3FEA /* Cocoa.framework in Frameworks */ = {isa = PBXBuildFile; fileRef = 9338C47B18CCB17400AE3FEA /* Cocoa.framework */; };
		9338C4A418CCB17400AE3FEA /* InfoPlist.strings in Resources */ = {isa = PBXBuildFile; fileRef = 9338C4A218CCB17400AE3FEA /* InfoPlist.strings */; };
		9338C4A618CCB17400AE3FEA /* German_LibraryTests.m in Sources */ = {isa = PBXBuildFile; fileRef = 9338C4A518CCB17400AE3FEA /* German_LibraryTests.m */; };
		9338C4B018CCB2AE00AE3FEA /* WebKit.framework in Frameworks */ = {isa = PBXBuildFile; fileRef = 9338C4AF18CCB2AE00AE3FEA /* WebKit.framework */; };
		933F1DF118CE551500251ADD /* NotepadViewController.m in Sources */ = {isa = PBXBuildFile; fileRef = 933F1DF018CE551500251ADD /* NotepadViewController.m */; };
		9351CE43192814EB00AA4DF0 /* Sparkle.framework in Frameworks */ = {isa = PBXBuildFile; fileRef = 9351CE42192814EB00AA4DF0 /* Sparkle.framework */; };
		9351CE45192815A700AA4DF0 /* Sparkle.framework in CopyFiles */ = {isa = PBXBuildFile; fileRef = 9351CE42192814EB00AA4DF0 /* Sparkle.framework */; };
		936A6F5418CCDCC0002D0EC7 /* LeoViewController.m in Sources */ = {isa = PBXBuildFile; fileRef = 936A6F5318CCDCC0002D0EC7 /* LeoViewController.m */; };
		936A6F5718CCDD89002D0EC7 /* DictViewController.m in Sources */ = {isa = PBXBuildFile; fileRef = 936A6F5618CCDD89002D0EC7 /* DictViewController.m */; };
		936A6F5A18CCDDC0002D0EC7 /* CanooViewController.m in Sources */ = {isa = PBXBuildFile; fileRef = 936A6F5918CCDDC0002D0EC7 /* CanooViewController.m */; };
		936A6F5D18CCDDDB002D0EC7 /* DudenViewController.m in Sources */ = {isa = PBXBuildFile; fileRef = 936A6F5C18CCDDDB002D0EC7 /* DudenViewController.m */; };
		9374E1E318CE609700D69601 /* NotepadDelegate.m in Sources */ = {isa = PBXBuildFile; fileRef = 9374E1E218CE609700D69601 /* NotepadDelegate.m */; };
/* End PBXBuildFile section */

/* Begin PBXContainerItemProxy section */
		9338C49D18CCB17400AE3FEA /* PBXContainerItemProxy */ = {
			isa = PBXContainerItemProxy;
			containerPortal = 9338C47018CCB17400AE3FEA /* Project object */;
			proxyType = 1;
			remoteGlobalIDString = 9338C47718CCB17400AE3FEA;
			remoteInfo = "German Library";
		};
/* End PBXContainerItemProxy section */

/* Begin PBXCopyFilesBuildPhase section */
		9351CE441928159500AA4DF0 /* CopyFiles */ = {
			isa = PBXCopyFilesBuildPhase;
			buildActionMask = 2147483647;
			dstPath = "";
			dstSubfolderSpec = 10;
			files = (
				9351CE45192815A700AA4DF0 /* Sparkle.framework in CopyFiles */,
			);
			runOnlyForDeploymentPostprocessing = 0;
		};
/* End PBXCopyFilesBuildPhase section */

/* Begin PBXFileReference section */
		9338C47818CCB17400AE3FEA /* German Library.app */ = {isa = PBXFileReference; explicitFileType = wrapper.application; includeInIndex = 0; path = "German Library.app"; sourceTree = BUILT_PRODUCTS_DIR; };
		9338C47B18CCB17400AE3FEA /* Cocoa.framework */ = {isa = PBXFileReference; lastKnownFileType = wrapper.framework; name = Cocoa.framework; path = System/Library/Frameworks/Cocoa.framework; sourceTree = SDKROOT; };
		9338C47E18CCB17400AE3FEA /* AppKit.framework */ = {isa = PBXFileReference; lastKnownFileType = wrapper.framework; name = AppKit.framework; path = System/Library/Frameworks/AppKit.framework; sourceTree = SDKROOT; };
		9338C47F18CCB17400AE3FEA /* CoreData.framework */ = {isa = PBXFileReference; lastKnownFileType = wrapper.framework; name = CoreData.framework; path = System/Library/Frameworks/CoreData.framework; sourceTree = SDKROOT; };
		9338C48018CCB17400AE3FEA /* Foundation.framework */ = {isa = PBXFileReference; lastKnownFileType = wrapper.framework; name = Foundation.framework; path = System/Library/Frameworks/Foundation.framework; sourceTree = SDKROOT; };
		9338C48318CCB17400AE3FEA /* German Library-Info.plist */ = {isa = PBXFileReference; lastKnownFileType = text.plist.xml; path = "German Library-Info.plist"; sourceTree = "<group>"; };
		9338C48518CCB17400AE3FEA /* en */ = {isa = PBXFileReference; lastKnownFileType = text.plist.strings; name = en; path = en.lproj/InfoPlist.strings; sourceTree = "<group>"; };
		9338C48718CCB17400AE3FEA /* main.m */ = {isa = PBXFileReference; lastKnownFileType = sourcecode.c.objc; path = main.m; sourceTree = "<group>"; };
		9338C48918CCB17400AE3FEA /* German Library-Prefix.pch */ = {isa = PBXFileReference; lastKnownFileType = sourcecode.c.h; path = "German Library-Prefix.pch"; sourceTree = "<group>"; };
		9338C48B18CCB17400AE3FEA /* en */ = {isa = PBXFileReference; lastKnownFileType = text.rtf; name = en; path = en.lproj/Credits.rtf; sourceTree = "<group>"; };
		9338C48D18CCB17400AE3FEA /* AppDelegate.h */ = {isa = PBXFileReference; lastKnownFileType = sourcecode.c.h; path = AppDelegate.h; sourceTree = "<group>"; };
		9338C48E18CCB17400AE3FEA /* AppDelegate.m */ = {isa = PBXFileReference; lastKnownFileType = sourcecode.c.objc; path = AppDelegate.m; sourceTree = "<group>"; };
		9338C49118CCB17400AE3FEA /* Base */ = {isa = PBXFileReference; lastKnownFileType = file.xib; name = Base; path = Base.lproj/MainMenu.xib; sourceTree = "<group>"; };
		9338C49318CCB17400AE3FEA /* Images.xcassets */ = {isa = PBXFileReference; lastKnownFileType = folder.assetcatalog; path = Images.xcassets; sourceTree = "<group>"; };
		9338C49918CCB17400AE3FEA /* German LibraryTests.xctest */ = {isa = PBXFileReference; explicitFileType = wrapper.cfbundle; includeInIndex = 0; path = "German LibraryTests.xctest"; sourceTree = BUILT_PRODUCTS_DIR; };
		9338C49A18CCB17400AE3FEA /* XCTest.framework */ = {isa = PBXFileReference; lastKnownFileType = wrapper.framework; name = XCTest.framework; path = Library/Frameworks/XCTest.framework; sourceTree = DEVELOPER_DIR; };
		9338C4A118CCB17400AE3FEA /* German LibraryTests-Info.plist */ = {isa = PBXFileReference; lastKnownFileType = text.plist.xml; path = "German LibraryTests-Info.plist"; sourceTree = "<group>"; };
		9338C4A318CCB17400AE3FEA /* en */ = {isa = PBXFileReference; lastKnownFileType = text.plist.strings; name = en; path = en.lproj/InfoPlist.strings; sourceTree = "<group>"; };
		9338C4A518CCB17400AE3FEA /* German_LibraryTests.m */ = {isa = PBXFileReference; lastKnownFileType = sourcecode.c.objc; path = German_LibraryTests.m; sourceTree = "<group>"; };
		9338C4AF18CCB2AE00AE3FEA /* WebKit.framework */ = {isa = PBXFileReference; lastKnownFileType = wrapper.framework; name = WebKit.framework; path = System/Library/Frameworks/WebKit.framework; sourceTree = SDKROOT; };
		933F1DEF18CE551500251ADD /* NotepadViewController.h */ = {isa = PBXFileReference; fileEncoding = 4; lastKnownFileType = sourcecode.c.h; path = NotepadViewController.h; sourceTree = "<group>"; };
		933F1DF018CE551500251ADD /* NotepadViewController.m */ = {isa = PBXFileReference; fileEncoding = 4; lastKnownFileType = sourcecode.c.objc; path = NotepadViewController.m; sourceTree = "<group>"; };
		9351CE42192814EB00AA4DF0 /* Sparkle.framework */ = {isa = PBXFileReference; lastKnownFileType = wrapper.framework; path = Sparkle.framework; sourceTree = "<group>"; };
		936A6F5218CCDCC0002D0EC7 /* LeoViewController.h */ = {isa = PBXFileReference; fileEncoding = 4; lastKnownFileType = sourcecode.c.h; path = LeoViewController.h; sourceTree = "<group>"; };
		936A6F5318CCDCC0002D0EC7 /* LeoViewController.m */ = {isa = PBXFileReference; fileEncoding = 4; lastKnownFileType = sourcecode.c.objc; path = LeoViewController.m; sourceTree = "<group>"; };
		936A6F5518CCDD89002D0EC7 /* DictViewController.h */ = {isa = PBXFileReference; fileEncoding = 4; lastKnownFileType = sourcecode.c.h; path = DictViewController.h; sourceTree = "<group>"; };
		936A6F5618CCDD89002D0EC7 /* DictViewController.m */ = {isa = PBXFileReference; fileEncoding = 4; lastKnownFileType = sourcecode.c.objc; path = DictViewController.m; sourceTree = "<group>"; };
		936A6F5818CCDDC0002D0EC7 /* CanooViewController.h */ = {isa = PBXFileReference; fileEncoding = 4; lastKnownFileType = sourcecode.c.h; path = CanooViewController.h; sourceTree = "<group>"; };
		936A6F5918CCDDC0002D0EC7 /* CanooViewController.m */ = {isa = PBXFileReference; fileEncoding = 4; lastKnownFileType = sourcecode.c.objc; path = CanooViewController.m; sourceTree = "<group>"; };
		936A6F5B18CCDDDB002D0EC7 /* DudenViewController.h */ = {isa = PBXFileReference; fileEncoding = 4; lastKnownFileType = sourcecode.c.h; path = DudenViewController.h; sourceTree = "<group>"; };
		936A6F5C18CCDDDB002D0EC7 /* DudenViewController.m */ = {isa = PBXFileReference; fileEncoding = 4; lastKnownFileType = sourcecode.c.objc; path = DudenViewController.m; sourceTree = "<group>"; };
		9374E1E118CE609700D69601 /* NotepadDelegate.h */ = {isa = PBXFileReference; fileEncoding = 4; lastKnownFileType = sourcecode.c.h; path = NotepadDelegate.h; sourceTree = "<group>"; };
		9374E1E218CE609700D69601 /* NotepadDelegate.m */ = {isa = PBXFileReference; fileEncoding = 4; lastKnownFileType = sourcecode.c.objc; path = NotepadDelegate.m; sourceTree = "<group>"; };
/* End PBXFileReference section */

/* Begin PBXFrameworksBuildPhase section */
		9338C47518CCB17400AE3FEA /* Frameworks */ = {
			isa = PBXFrameworksBuildPhase;
			buildActionMask = 2147483647;
			files = (
				9338C4B018CCB2AE00AE3FEA /* WebKit.framework in Frameworks */,
				9351CE43192814EB00AA4DF0 /* Sparkle.framework in Frameworks */,
				9338C47C18CCB17400AE3FEA /* Cocoa.framework in Frameworks */,
			);
			runOnlyForDeploymentPostprocessing = 0;
		};
		9338C49618CCB17400AE3FEA /* Frameworks */ = {
			isa = PBXFrameworksBuildPhase;
			buildActionMask = 2147483647;
			files = (
				9338C49C18CCB17400AE3FEA /* Cocoa.framework in Frameworks */,
				9338C49B18CCB17400AE3FEA /* XCTest.framework in Frameworks */,
			);
			runOnlyForDeploymentPostprocessing = 0;
		};
/* End PBXFrameworksBuildPhase section */

/* Begin PBXGroup section */
		9338C46F18CCB17400AE3FEA = {
			isa = PBXGroup;
			children = (
				9338C48118CCB17400AE3FEA /* German Library */,
				9338C49F18CCB17400AE3FEA /* German LibraryTests */,
				9338C47A18CCB17400AE3FEA /* Frameworks */,
				9338C47918CCB17400AE3FEA /* Products */,
			);
			sourceTree = "<group>";
		};
		9338C47918CCB17400AE3FEA /* Products */ = {
			isa = PBXGroup;
			children = (
				9338C47818CCB17400AE3FEA /* German Library.app */,
				9338C49918CCB17400AE3FEA /* German LibraryTests.xctest */,
			);
			name = Products;
			sourceTree = "<group>";
		};
		9338C47A18CCB17400AE3FEA /* Frameworks */ = {
			isa = PBXGroup;
			children = (
				9351CE42192814EB00AA4DF0 /* Sparkle.framework */,
				9338C4AF18CCB2AE00AE3FEA /* WebKit.framework */,
				9338C47B18CCB17400AE3FEA /* Cocoa.framework */,
				9338C49A18CCB17400AE3FEA /* XCTest.framework */,
				9338C47D18CCB17400AE3FEA /* Other Frameworks */,
			);
			name = Frameworks;
			sourceTree = "<group>";
		};
		9338C47D18CCB17400AE3FEA /* Other Frameworks */ = {
			isa = PBXGroup;
			children = (
				9338C47E18CCB17400AE3FEA /* AppKit.framework */,
				9338C47F18CCB17400AE3FEA /* CoreData.framework */,
				9338C48018CCB17400AE3FEA /* Foundation.framework */,
			);
			name = "Other Frameworks";
			sourceTree = "<group>";
		};
		9338C48118CCB17400AE3FEA /* German Library */ = {
			isa = PBXGroup;
			children = (
				9338C48D18CCB17400AE3FEA /* AppDelegate.h */,
				9338C48E18CCB17400AE3FEA /* AppDelegate.m */,
				9338C49018CCB17400AE3FEA /* MainMenu.xib */,
				933F1DF318CE5CFE00251ADD /* Notes */,
				933F1DF218CE5CE800251ADD /* WebView Controllers */,
				9338C49318CCB17400AE3FEA /* Images.xcassets */,
				9338C48218CCB17400AE3FEA /* Supporting Files */,
			);
			path = "German Library";
			sourceTree = "<group>";
		};
		9338C48218CCB17400AE3FEA /* Supporting Files */ = {
			isa = PBXGroup;
			children = (
				9338C48318CCB17400AE3FEA /* German Library-Info.plist */,
				9338C48418CCB17400AE3FEA /* InfoPlist.strings */,
				9338C48718CCB17400AE3FEA /* main.m */,
				9338C48918CCB17400AE3FEA /* German Library-Prefix.pch */,
				9338C48A18CCB17400AE3FEA /* Credits.rtf */,
			);
			name = "Supporting Files";
			sourceTree = "<group>";
		};
		9338C49F18CCB17400AE3FEA /* German LibraryTests */ = {
			isa = PBXGroup;
			children = (
				9338C4A518CCB17400AE3FEA /* German_LibraryTests.m */,
				9338C4A018CCB17400AE3FEA /* Supporting Files */,
			);
			path = "German LibraryTests";
			sourceTree = "<group>";
		};
		9338C4A018CCB17400AE3FEA /* Supporting Files */ = {
			isa = PBXGroup;
			children = (
				9338C4A118CCB17400AE3FEA /* German LibraryTests-Info.plist */,
				9338C4A218CCB17400AE3FEA /* InfoPlist.strings */,
			);
			name = "Supporting Files";
			sourceTree = "<group>";
		};
		933F1DF218CE5CE800251ADD /* WebView Controllers */ = {
			isa = PBXGroup;
			children = (
				936A6F5218CCDCC0002D0EC7 /* LeoViewController.h */,
				936A6F5318CCDCC0002D0EC7 /* LeoViewController.m */,
				936A6F5518CCDD89002D0EC7 /* DictViewController.h */,
				936A6F5618CCDD89002D0EC7 /* DictViewController.m */,
				936A6F5818CCDDC0002D0EC7 /* CanooViewController.h */,
				936A6F5918CCDDC0002D0EC7 /* CanooViewController.m */,
				936A6F5B18CCDDDB002D0EC7 /* DudenViewController.h */,
				936A6F5C18CCDDDB002D0EC7 /* DudenViewController.m */,
			);
			name = "WebView Controllers";
			sourceTree = "<group>";
		};
		933F1DF318CE5CFE00251ADD /* Notes */ = {
			isa = PBXGroup;
			children = (
				933F1DEF18CE551500251ADD /* NotepadViewController.h */,
				933F1DF018CE551500251ADD /* NotepadViewController.m */,
				9374E1E118CE609700D69601 /* NotepadDelegate.h */,
				9374E1E218CE609700D69601 /* NotepadDelegate.m */,
			);
			name = Notes;
			sourceTree = "<group>";
		};
/* End PBXGroup section */

/* Begin PBXNativeTarget section */
		9338C47718CCB17400AE3FEA /* German Library */ = {
			isa = PBXNativeTarget;
			buildConfigurationList = 9338C4A918CCB17400AE3FEA /* Build configuration list for PBXNativeTarget "German Library" */;
			buildPhases = (
				9338C47418CCB17400AE3FEA /* Sources */,
				9338C47518CCB17400AE3FEA /* Frameworks */,
				9338C47618CCB17400AE3FEA /* Resources */,
				9351CE441928159500AA4DF0 /* CopyFiles */,
			);
			buildRules = (
			);
			dependencies = (
			);
			name = "German Library";
			productName = "German Library";
			productReference = 9338C47818CCB17400AE3FEA /* German Library.app */;
			productType = "com.apple.product-type.application";
		};
		9338C49818CCB17400AE3FEA /* German LibraryTests */ = {
			isa = PBXNativeTarget;
			buildConfigurationList = 9338C4AC18CCB17400AE3FEA /* Build configuration list for PBXNativeTarget "German LibraryTests" */;
			buildPhases = (
				9338C49518CCB17400AE3FEA /* Sources */,
				9338C49618CCB17400AE3FEA /* Frameworks */,
				9338C49718CCB17400AE3FEA /* Resources */,
			);
			buildRules = (
			);
			dependencies = (
				9338C49E18CCB17400AE3FEA /* PBXTargetDependency */,
			);
			name = "German LibraryTests";
			productName = "German LibraryTests";
			productReference = 9338C49918CCB17400AE3FEA /* German LibraryTests.xctest */;
			productType = "com.apple.product-type.bundle.unit-test";
		};
/* End PBXNativeTarget section */

/* Begin PBXProject section */
		9338C47018CCB17400AE3FEA /* Project object */ = {
			isa = PBXProject;
			attributes = {
				LastUpgradeCheck = 0500;
				ORGANIZATIONNAME = "Alex Seifert";
				TargetAttributes = {
					9338C49818CCB17400AE3FEA = {
						TestTargetID = 9338C47718CCB17400AE3FEA;
					};
				};
			};
			buildConfigurationList = 9338C47318CCB17400AE3FEA /* Build configuration list for PBXProject "German Library" */;
			compatibilityVersion = "Xcode 3.2";
			developmentRegion = English;
			hasScannedForEncodings = 0;
			knownRegions = (
				en,
				Base,
			);
			mainGroup = 9338C46F18CCB17400AE3FEA;
			productRefGroup = 9338C47918CCB17400AE3FEA /* Products */;
			projectDirPath = "";
			projectRoot = "";
			targets = (
				9338C47718CCB17400AE3FEA /* German Library */,
				9338C49818CCB17400AE3FEA /* German LibraryTests */,
			);
		};
/* End PBXProject section */

/* Begin PBXResourcesBuildPhase section */
		9338C47618CCB17400AE3FEA /* Resources */ = {
			isa = PBXResourcesBuildPhase;
			buildActionMask = 2147483647;
			files = (
				9338C48618CCB17400AE3FEA /* InfoPlist.strings in Resources */,
				9338C49418CCB17400AE3FEA /* Images.xcassets in Resources */,
				9338C48C18CCB17400AE3FEA /* Credits.rtf in Resources */,
				9338C49218CCB17400AE3FEA /* MainMenu.xib in Resources */,
			);
			runOnlyForDeploymentPostprocessing = 0;
		};
		9338C49718CCB17400AE3FEA /* Resources */ = {
			isa = PBXResourcesBuildPhase;
			buildActionMask = 2147483647;
			files = (
				9338C4A418CCB17400AE3FEA /* InfoPlist.strings in Resources */,
			);
			runOnlyForDeploymentPostprocessing = 0;
		};
/* End PBXResourcesBuildPhase section */

/* Begin PBXSourcesBuildPhase section */
		9338C47418CCB17400AE3FEA /* Sources */ = {
			isa = PBXSourcesBuildPhase;
			buildActionMask = 2147483647;
			files = (
				936A6F5418CCDCC0002D0EC7 /* LeoViewController.m in Sources */,
				936A6F5A18CCDDC0002D0EC7 /* CanooViewController.m in Sources */,
				9374E1E318CE609700D69601 /* NotepadDelegate.m in Sources */,
				9338C48F18CCB17400AE3FEA /* AppDelegate.m in Sources */,
				936A6F5D18CCDDDB002D0EC7 /* DudenViewController.m in Sources */,
				936A6F5718CCDD89002D0EC7 /* DictViewController.m in Sources */,
				933F1DF118CE551500251ADD /* NotepadViewController.m in Sources */,
				9338C48818CCB17400AE3FEA /* main.m in Sources */,
			);
			runOnlyForDeploymentPostprocessing = 0;
		};
		9338C49518CCB17400AE3FEA /* Sources */ = {
			isa = PBXSourcesBuildPhase;
			buildActionMask = 2147483647;
			files = (
				9338C4A618CCB17400AE3FEA /* German_LibraryTests.m in Sources */,
			);
			runOnlyForDeploymentPostprocessing = 0;
		};
/* End PBXSourcesBuildPhase section */

/* Begin PBXTargetDependency section */
		9338C49E18CCB17400AE3FEA /* PBXTargetDependency */ = {
			isa = PBXTargetDependency;
			target = 9338C47718CCB17400AE3FEA /* German Library */;
			targetProxy = 9338C49D18CCB17400AE3FEA /* PBXContainerItemProxy */;
		};
/* End PBXTargetDependency section */

/* Begin PBXVariantGroup section */
		9338C48418CCB17400AE3FEA /* InfoPlist.strings */ = {
			isa = PBXVariantGroup;
			children = (
				9338C48518CCB17400AE3FEA /* en */,
			);
			name = InfoPlist.strings;
			sourceTree = "<group>";
		};
		9338C48A18CCB17400AE3FEA /* Credits.rtf */ = {
			isa = PBXVariantGroup;
			children = (
				9338C48B18CCB17400AE3FEA /* en */,
			);
			name = Credits.rtf;
			sourceTree = "<group>";
		};
		9338C49018CCB17400AE3FEA /* MainMenu.xib */ = {
			isa = PBXVariantGroup;
			children = (
				9338C49118CCB17400AE3FEA /* Base */,
			);
			name = MainMenu.xib;
			sourceTree = "<group>";
		};
		9338C4A218CCB17400AE3FEA /* InfoPlist.strings */ = {
			isa = PBXVariantGroup;
			children = (
				9338C4A318CCB17400AE3FEA /* en */,
			);
			name = InfoPlist.strings;
			sourceTree = "<group>";
		};
/* End PBXVariantGroup section */

/* Begin XCBuildConfiguration section */
		9338C4A718CCB17400AE3FEA /* Debug */ = {
			isa = XCBuildConfiguration;
			buildSettings = {
				ALWAYS_SEARCH_USER_PATHS = NO;
				CLANG_CXX_LANGUAGE_STANDARD = "gnu++0x";
				CLANG_CXX_LIBRARY = "libc++";
				CLANG_ENABLE_OBJC_ARC = YES;
				CLANG_WARN_BOOL_CONVERSION = YES;
				CLANG_WARN_CONSTANT_CONVERSION = YES;
				CLANG_WARN_DIRECT_OBJC_ISA_USAGE = YES_ERROR;
				CLANG_WARN_EMPTY_BODY = YES;
				CLANG_WARN_ENUM_CONVERSION = YES;
				CLANG_WARN_INT_CONVERSION = YES;
				CLANG_WARN_OBJC_ROOT_CLASS = YES_ERROR;
				CLANG_WARN__DUPLICATE_METHOD_MATCH = YES;
				COPY_PHASE_STRIP = NO;
				GCC_C_LANGUAGE_STANDARD = gnu99;
				GCC_DYNAMIC_NO_PIC = NO;
				GCC_ENABLE_OBJC_EXCEPTIONS = YES;
				GCC_OPTIMIZATION_LEVEL = 0;
				GCC_PREPROCESSOR_DEFINITIONS = (
					"DEBUG=1",
					"$(inherited)",
				);
				GCC_SYMBOLS_PRIVATE_EXTERN = NO;
				GCC_WARN_64_TO_32_BIT_CONVERSION = YES;
				GCC_WARN_ABOUT_RETURN_TYPE = YES_ERROR;
				GCC_WARN_UNDECLARED_SELECTOR = YES;
				GCC_WARN_UNINITIALIZED_AUTOS = YES;
				GCC_WARN_UNUSED_FUNCTION = YES;
				GCC_WARN_UNUSED_VARIABLE = YES;
				MACOSX_DEPLOYMENT_TARGET = 10.9;
				ONLY_ACTIVE_ARCH = YES;
				SDKROOT = macosx;
			};
			name = Debug;
		};
		9338C4A818CCB17400AE3FEA /* Release */ = {
			isa = XCBuildConfiguration;
			buildSettings = {
				ALWAYS_SEARCH_USER_PATHS = NO;
				CLANG_CXX_LANGUAGE_STANDARD = "gnu++0x";
				CLANG_CXX_LIBRARY = "libc++";
				CLANG_ENABLE_OBJC_ARC = YES;
				CLANG_WARN_BOOL_CONVERSION = YES;
				CLANG_WARN_CONSTANT_CONVERSION = YES;
				CLANG_WARN_DIRECT_OBJC_ISA_USAGE = YES_ERROR;
				CLANG_WARN_EMPTY_BODY = YES;
				CLANG_WARN_ENUM_CONVERSION = YES;
				CLANG_WARN_INT_CONVERSION = YES;
				CLANG_WARN_OBJC_ROOT_CLASS = YES_ERROR;
				CLANG_WARN__DUPLICATE_METHOD_MATCH = YES;
				COPY_PHASE_STRIP = YES;
				DEBUG_INFORMATION_FORMAT = "dwarf-with-dsym";
				ENABLE_NS_ASSERTIONS = NO;
				GCC_C_LANGUAGE_STANDARD = gnu99;
				GCC_ENABLE_OBJC_EXCEPTIONS = YES;
				GCC_WARN_64_TO_32_BIT_CONVERSION = YES;
				GCC_WARN_ABOUT_RETURN_TYPE = YES_ERROR;
				GCC_WARN_UNDECLARED_SELECTOR = YES;
				GCC_WARN_UNINITIALIZED_AUTOS = YES;
				GCC_WARN_UNUSED_FUNCTION = YES;
				GCC_WARN_UNUSED_VARIABLE = YES;
				MACOSX_DEPLOYMENT_TARGET = 10.9;
				SDKROOT = macosx;
			};
			name = Release;
		};
		9338C4AA18CCB17400AE3FEA /* Debug */ = {
			isa = XCBuildConfiguration;
			buildSettings = {
				ASSETCATALOG_COMPILER_APPICON_NAME = AppIcon;
				COMBINE_HIDPI_IMAGES = YES;
				FRAMEWORK_SEARCH_PATHS = (
					"$(inherited)",
					"$(PROJECT_DIR)",
				);
				GCC_PRECOMPILE_PREFIX_HEADER = YES;
				GCC_PREFIX_HEADER = "German Library/German Library-Prefix.pch";
				INFOPLIST_FILE = "German Library/German Library-Info.plist";
				PRODUCT_NAME = "$(TARGET_NAME)";
				WRAPPER_EXTENSION = app;
			};
			name = Debug;
		};
		9338C4AB18CCB17400AE3FEA /* Release */ = {
			isa = XCBuildConfiguration;
			buildSettings = {
				ASSETCATALOG_COMPILER_APPICON_NAME = AppIcon;
				COMBINE_HIDPI_IMAGES = YES;
				FRAMEWORK_SEARCH_PATHS = (
					"$(inherited)",
					"$(PROJECT_DIR)",
				);
				GCC_PRECOMPILE_PREFIX_HEADER = YES;
				GCC_PREFIX_HEADER = "German Library/German Library-Prefix.pch";
				INFOPLIST_FILE = "German Library/German Library-Info.plist";
				PRODUCT_NAME = "$(TARGET_NAME)";
				WRAPPER_EXTENSION = app;
			};
			name = Release;
		};
		9338C4AD18CCB17400AE3FEA /* Debug */ = {
			isa = XCBuildConfiguration;
			buildSettings = {
				BUNDLE_LOADER = "$(BUILT_PRODUCTS_DIR)/German Library.app/Contents/MacOS/German Library";
				COMBINE_HIDPI_IMAGES = YES;
				FRAMEWORK_SEARCH_PATHS = (
					"$(DEVELOPER_FRAMEWORKS_DIR)",
					"$(inherited)",
				);
				GCC_PRECOMPILE_PREFIX_HEADER = YES;
				GCC_PREFIX_HEADER = "German Library/German Library-Prefix.pch";
				GCC_PREPROCESSOR_DEFINITIONS = (
					"DEBUG=1",
					"$(inherited)",
				);
				INFOPLIST_FILE = "German LibraryTests/German LibraryTests-Info.plist";
				PRODUCT_NAME = "$(TARGET_NAME)";
				TEST_HOST = "$(BUNDLE_LOADER)";
				WRAPPER_EXTENSION = xctest;
			};
			name = Debug;
		};
		9338C4AE18CCB17400AE3FEA /* Release */ = {
			isa = XCBuildConfiguration;
			buildSettings = {
				BUNDLE_LOADER = "$(BUILT_PRODUCTS_DIR)/German Library.app/Contents/MacOS/German Library";
				COMBINE_HIDPI_IMAGES = YES;
				FRAMEWORK_SEARCH_PATHS = (
					"$(DEVELOPER_FRAMEWORKS_DIR)",
					"$(inherited)",
				);
				GCC_PRECOMPILE_PREFIX_HEADER = YES;
				GCC_PREFIX_HEADER = "German Library/German Library-Prefix.pch";
				INFOPLIST_FILE = "German LibraryTests/German LibraryTests-Info.plist";
				PRODUCT_NAME = "$(TARGET_NAME)";
				TEST_HOST = "$(BUNDLE_LOADER)";
				WRAPPER_EXTENSION = xctest;
			};
			name = Release;
		};
/* End XCBuildConfiguration section */

/* Begin XCConfigurationList section */
		9338C47318CCB17400AE3FEA /* Build configuration list for PBXProject "German Library" */ = {
			isa = XCConfigurationList;
			buildConfigurations = (
				9338C4A718CCB17400AE3FEA /* Debug */,
				9338C4A818CCB17400AE3FEA /* Release */,
			);
			defaultConfigurationIsVisible = 0;
			defaultConfigurationName = Release;
		};
		9338C4A918CCB17400AE3FEA /* Build configuration list for PBXNativeTarget "German Library" */ = {
			isa = XCConfigurationList;
			buildConfigurations = (
				9338C4AA18CCB17400AE3FEA /* Debug */,
				9338C4AB18CCB17400AE3FEA /* Release */,
			);
			defaultConfigurationIsVisible = 0;
			defaultConfigurationName = Release;
		};
		9338C4AC18CCB17400AE3FEA /* Build configuration list for PBXNativeTarget "German LibraryTests" */ = {
			isa = XCConfigurationList;
			buildConfigurations = (
				9338C4AD18CCB17400AE3FEA /* Debug */,
				9338C4AE18CCB17400AE3FEA /* Release */,
			);
			defaultConfigurationIsVisible = 0;
			defaultConfigurationName = Release;
		};
/* End XCConfigurationList section */
	};
	rootObject = 9338C47018CCB17400AE3FEA /* Project object */;
}
